
Microsoft Visual Studio Solution File, Format Version 12.00
# Visual Studio 2017
Project("{FAE04EC0-301F-11D3-BF4B-00C04F79EFBC}") = "tanks", "tanks.csproj", "{C0C0A59D-6293-3288-670D-A537E2A419A1}"
EndProject
Project("{FAE04EC0-301F-11D3-BF4B-00C04F79EFBC}") = "tanks.Editor", "tanks.Editor.csproj", "{0901AF21-1748-451F-4D00-D1FE7D898A27}"
EndProject
Global
	GlobalSection(SolutionConfigurationPlatforms) = preSolution
		Debug|Any CPU = Debug|Any CPU
		Release|Any CPU = Release|Any CPU
	EndGlobalSection
	GlobalSection(ProjectConfigurationPlatforms) = postSolution
		{C0C0A59D-6293-3288-670D-A537E2A419A1}.Debug|Any CPU.ActiveCfg = Debug|Any CPU
		{C0C0A59D-6293-3288-670D-A537E2A419A1}.Debug|Any CPU.Build.0 = Debug|Any CPU
		{C0C0A59D-6293-3288-670D-A537E2A419A1}.Release|Any CPU.ActiveCfg = Release|Any CPU
		{C0C0A59D-6293-3288-670D-A537E2A419A1}.Release|Any CPU.Build.0 = Release|Any CPU
		{0901AF21-1748-451F-4D00-D1FE7D898A27}.Debug|Any CPU.ActiveCfg = Debug|Any CPU
		{0901AF21-1748-451F-4D00-D1FE7D898A27}.Debug|Any CPU.Build.0 = Debug|Any CPU
		{0901AF21-1748-451F-4D00-D1FE7D898A27}.Release|Any CPU.ActiveCfg = Release|Any CPU
		{0901AF21-1748-451F-4D00-D1FE7D898A27}.Release|Any CPU.Build.0 = Release|Any CPU
	EndGlobalSection
	GlobalSection(SolutionProperties) = preSolution
		HideSolutionNode = FALSE
	EndGlobalSection
EndGlobal
